
Microsoft Visual Studio Solution File, Format Version 12.00
# Visual Studio Version 17
VisualStudioVersion = 17.13.35931.197 d17.13
MinimumVisualStudioVersion = 10.0.40219.1
Project("{FAE04EC0-301F-11D3-BF4B-00C04F79EFBC}") = "Personaycosas", "Personaycosas\Personaycosas.csproj", "{8385B429-D397-4C6D-9EAB-2A3878633E74}"
EndProject
Global
	GlobalSection(SolutionConfigurationPlatforms) = preSolution
		Debug|Any CPU = Debug|Any CPU
		Release|Any CPU = Release|Any CPU
	EndGlobalSection
	GlobalSection(ProjectConfigurationPlatforms) = postSolution
		{8385B429-D397-4C6D-9EAB-2A3878633E74}.Debug|Any CPU.ActiveCfg = Debug|Any CPU
		{8385B429-D397-4C6D-9EAB-2A3878633E74}.Debug|Any CPU.Build.0 = Debug|Any CPU
		{8385B429-D397-4C6D-9EAB-2A3878633E74}.Release|Any CPU.ActiveCfg = Release|Any CPU
		{8385B429-D397-4C6D-9EAB-2A3878633E74}.Release|Any CPU.Build.0 = Release|Any CPU
	EndGlobalSection
	GlobalSection(SolutionProperties) = preSolution
		HideSolutionNode = FALSE
	EndGlobalSection
	GlobalSection(ExtensibilityGlobals) = postSolution
		SolutionGuid = {97AB679A-300E-4E11-87E0-9E36900F9D6F}
	EndGlobalSection
EndGlobal
